// !$*UTF8*$!
{
	archiveVersion = 1;
	classes = {
	};
	objectVersion = 77;
	objects = {

/* Begin PBXBuildFile section */
		8069C046301D30A0008611CD /* SwiftTerm in Frameworks */ = {isa = PBXBuildFile; productRef = P20000000000000000000004 /* SwiftTerm */; };
		8069C047301D30A0008611CD /* (null) in Frameworks */ = {isa = PBXBuildFile; };
		8069C048301D30A0008611CD /* NIOSSH in Frameworks */ = {isa = PBXBuildFile; productRef = P20000000000000000000001 /* NIOSSH */; };
		8069C049301D30A0008611CD /* SwiftTerm in Frameworks */ = {isa = PBXBuildFile; productRef = P20000000000000000000004 /* SwiftTerm */; };
		A20000000000000000000001 /* TetherTTYApp.swift in Sources */ = {isa = PBXBuildFile; fileRef = A10000000000000000000001 /* TetherTTYApp.swift */; };
		A20000000000000000000002 /* AppLockState.swift in Sources */ = {isa = PBXBuildFile; fileRef = A10000000000000000000002 /* AppLockState.swift */; };
		A20000000000000000000003 /* HostSummary.swift in Sources */ = {isa = PBXBuildFile; fileRef = A10000000000000000000003 /* HostSummary.swift */; };
		A20000000000000000000004 /* AbyssalTheme.swift in Sources */ = {isa = PBXBuildFile; fileRef = A10000000000000000000004 /* AbyssalTheme.swift */; };
		A20000000000000000000005 /* AppShellView.swift in Sources */ = {isa = PBXBuildFile; fileRef = A10000000000000000000005 /* AppShellView.swift */; };
		A20000000000000000000006 /* HostListView.swift in Sources */ = {isa = PBXBuildFile; fileRef = A10000000000000000000006 /* HostListView.swift */; };
		A20000000000000000000007 /* Connection.swift in Sources */ = {isa = PBXBuildFile; fileRef = A10000000000000000000008 /* Connection.swift */; };
		A20000000000000000000008 /* CredentialStore.swift in Sources */ = {isa = PBXBuildFile; fileRef = A10000000000000000000009 /* CredentialStore.swift */; };
		A20000000000000000000009 /* ConnectionRepository.swift in Sources */ = {isa = PBXBuildFile; fileRef = A10000000000000000000010 /* ConnectionRepository.swift */; };
		A20000000000000000000010 /* HostListViewModel.swift in Sources */ = {isa = PBXBuildFile; fileRef = A10000000000000000000011 /* HostListViewModel.swift */; };
		A20000000000000000000011 /* ConnectionEditorView.swift in Sources */ = {isa = PBXBuildFile; fileRef = A10000000000000000000012 /* ConnectionEditorView.swift */; };
		A20000000000000000000012 /* VaultUnlockClient.swift in Sources */ = {isa = PBXBuildFile; fileRef = A10000000000000000000013 /* VaultUnlockClient.swift */; };
		A20000000000000000000013 /* AppLockViewModel.swift in Sources */ = {isa = PBXBuildFile; fileRef = A10000000000000000000014 /* AppLockViewModel.swift */; };
		A20000000000000000000014 /* TerminalConnectionState.swift in Sources */ = {isa = PBXBuildFile; fileRef = A10000000000000000000015 /* TerminalConnectionState.swift */; };
		A20000000000000000000015 /* SSHClient.swift in Sources */ = {isa = PBXBuildFile; fileRef = A10000000000000000000016 /* SSHClient.swift */; };
		A20000000000000000000016 /* PlainTerminalViewModel.swift in Sources */ = {isa = PBXBuildFile; fileRef = A10000000000000000000017 /* PlainTerminalViewModel.swift */; };
		A20000000000000000000017 /* PlainTerminalView.swift in Sources */ = {isa = PBXBuildFile; fileRef = A10000000000000000000018 /* PlainTerminalView.swift */; };
		A20000000000000000000018 /* KnownHost.swift in Sources */ = {isa = PBXBuildFile; fileRef = A10000000000000000000019 /* KnownHost.swift */; };
		A20000000000000000000019 /* KnownHostStore.swift in Sources */ = {isa = PBXBuildFile; fileRef = A10000000000000000000020 /* KnownHostStore.swift */; };
		A20000000000000000000020 /* HostKeyTrustEvaluator.swift in Sources */ = {isa = PBXBuildFile; fileRef = A10000000000000000000021 /* HostKeyTrustEvaluator.swift */; };
		A20000000000000000000021 /* TerminalSession.swift in Sources */ = {isa = PBXBuildFile; fileRef = A10000000000000000000022 /* TerminalSession.swift */; };
		A20000000000000000000022 /* TmuxSessionParser.swift in Sources */ = {isa = PBXBuildFile; fileRef = A10000000000000000000023 /* TmuxSessionParser.swift */; };
		A20000000000000000000023 /* TmuxSessionProvider.swift in Sources */ = {isa = PBXBuildFile; fileRef = A10000000000000000000024 /* TmuxSessionProvider.swift */; };
		A20000000000000000000024 /* SessionPickerViewModel.swift in Sources */ = {isa = PBXBuildFile; fileRef = A10000000000000000000025 /* SessionPickerViewModel.swift */; };
		A20000000000000000000025 /* SessionPickerView.swift in Sources */ = {isa = PBXBuildFile; fileRef = A10000000000000000000026 /* SessionPickerView.swift */; };
		A20000000000000000000026 /* HerdrSessionParser.swift in Sources */ = {isa = PBXBuildFile; fileRef = A10000000000000000000027 /* HerdrSessionParser.swift */; };
		A20000000000000000000027 /* HerdrSessionProvider.swift in Sources */ = {isa = PBXBuildFile; fileRef = A10000000000000000000028 /* HerdrSessionProvider.swift */; };
		A20000000000000000000028 /* SSHTerminalView.swift in Sources */ = {isa = PBXBuildFile; fileRef = A10000000000000000000029 /* SSHTerminalView.swift */; };
		A20000000000000000000031 /* ConnectionPhase.swift in Sources */ = {isa = PBXBuildFile; fileRef = A10000000000000000000032 /* ConnectionPhase.swift */; };
		A20000000000000000000032 /* ConnectionProgressOverlay.swift in Sources */ = {isa = PBXBuildFile; fileRef = A10000000000000000000033 /* ConnectionProgressOverlay.swift */; };
		A20000000000000000000029 /* TerminalStartupAction.swift in Sources */ = {isa = PBXBuildFile; fileRef = A10000000000000000000030 /* TerminalStartupAction.swift */; };
		A20000000000000000000030 /* PrivacyInfo.xcprivacy in Resources */ = {isa = PBXBuildFile; fileRef = A10000000000000000000031 /* PrivacyInfo.xcprivacy */; };
		B20000000000000000000001 /* AbyssalThemeTests.swift in Sources */ = {isa = PBXBuildFile; fileRef = B10000000000000000000001 /* AbyssalThemeTests.swift */; };
		B20000000000000000000002 /* ConnectionRepositoryTests.swift in Sources */ = {isa = PBXBuildFile; fileRef = B10000000000000000000003 /* ConnectionRepositoryTests.swift */; };
		B20000000000000000000003 /* AppLockViewModelTests.swift in Sources */ = {isa = PBXBuildFile; fileRef = B10000000000000000000004 /* AppLockViewModelTests.swift */; };
		B20000000000000000000004 /* PlainTerminalViewModelTests.swift in Sources */ = {isa = PBXBuildFile; fileRef = B10000000000000000000005 /* PlainTerminalViewModelTests.swift */; };
		B20000000000000000000005 /* HostKeyTrustEvaluatorTests.swift in Sources */ = {isa = PBXBuildFile; fileRef = B10000000000000000000006 /* HostKeyTrustEvaluatorTests.swift */; };
		B20000000000000000000006 /* TmuxSessionParserTests.swift in Sources */ = {isa = PBXBuildFile; fileRef = B10000000000000000000007 /* TmuxSessionParserTests.swift */; };
		B20000000000000000000007 /* HerdrSessionParserTests.swift in Sources */ = {isa = PBXBuildFile; fileRef = B10000000000000000000008 /* HerdrSessionParserTests.swift */; };
		B20000000000000000000008 /* AppFlowIntegrationTests.swift in Sources */ = {isa = PBXBuildFile; fileRef = B10000000000000000000009 /* AppFlowIntegrationTests.swift */; };
		B20000000000000000000009 /* HostKeySecurityFixturesTests.swift in Sources */ = {isa = PBXBuildFile; fileRef = B10000000000000000000010 /* HostKeySecurityFixturesTests.swift */; };
		B20000000000000000000010 /* TerminalSecurityFixturesTests.swift in Sources */ = {isa = PBXBuildFile; fileRef = B10000000000000000000011 /* TerminalSecurityFixturesTests.swift */; };
		B20000000000000000000011 /* ResourceLoggingSecurityTests.swift in Sources */ = {isa = PBXBuildFile; fileRef = B10000000000000000000012 /* ResourceLoggingSecurityTests.swift */; };
		B20000000000000000000012 /* InputValidationSecurityTests.swift in Sources */ = {isa = PBXBuildFile; fileRef = B10000000000000000000013 /* InputValidationSecurityTests.swift */; };
		B20000000000000000000013 /* RealHostKeyResolverTests.swift in Sources */ = {isa = PBXBuildFile; fileRef = B10000000000000000000014 /* RealHostKeyResolverTests.swift */; };
		P30000000000000000000001 /* NIOSSH in Frameworks */ = {isa = PBXBuildFile; productRef = P20000000000000000000001 /* NIOSSH */; };
		P30000000000000000000002 /* NIOCore in Frameworks */ = {isa = PBXBuildFile; productRef = P20000000000000000000002 /* NIOCore */; };
		P30000000000000000000003 /* NIOPosix in Frameworks */ = {isa = PBXBuildFile; productRef = P20000000000000000000003 /* NIOPosix */; };
		P30000000000000000000004 /* NIOCore in Frameworks */ = {isa = PBXBuildFile; productRef = P20000000000000000000002 /* NIOCore */; };
		P30000000000000000000005 /* NIOPosix in Frameworks */ = {isa = PBXBuildFile; productRef = P20000000000000000000003 /* NIOPosix */; };
		P30000000000000000000006 /* NIOEmbedded in Frameworks */ = {isa = PBXBuildFile; productRef = P20000000000000000000005 /* NIOEmbedded */; };
/* End PBXBuildFile section */

/* Begin PBXContainerItemProxy section */
		B30000000000000000000001 /* PBXContainerItemProxy */ = {
			isa = PBXContainerItemProxy;
			containerPortal = C10000000000000000000001 /* Project object */;
			proxyType = 1;
			remoteGlobalIDString = A1B2C3D4E5F6071829304050;
			remoteInfo = TetherTTY;
		};
/* End PBXContainerItemProxy section */

/* Begin PBXFileReference section */
		A10000000000000000000001 /* TetherTTYApp.swift */ = {isa = PBXFileReference; lastKnownFileType = sourcecode.swift; path = TetherTTYApp.swift; sourceTree = "<group>"; };
		A10000000000000000000002 /* AppLockState.swift */ = {isa = PBXFileReference; lastKnownFileType = sourcecode.swift; path = AppLockState.swift; sourceTree = "<group>"; };
		A10000000000000000000003 /* HostSummary.swift */ = {isa = PBXFileReference; lastKnownFileType = sourcecode.swift; path = HostSummary.swift; sourceTree = "<group>"; };
		A10000000000000000000004 /* AbyssalTheme.swift */ = {isa = PBXFileReference; lastKnownFileType = sourcecode.swift; path = AbyssalTheme.swift; sourceTree = "<group>"; };
		A10000000000000000000005 /* AppShellView.swift */ = {isa = PBXFileReference; lastKnownFileType = sourcecode.swift; path = AppShellView.swift; sourceTree = "<group>"; };
		A10000000000000000000006 /* HostListView.swift */ = {isa = PBXFileReference; lastKnownFileType = sourcecode.swift; path = HostListView.swift; sourceTree = "<group>"; };
		A10000000000000000000007 /* TetherTTY.app */ = {isa = PBXFileReference; explicitFileType = wrapper.application; includeInIndex = 0; path = TetherTTY.app; sourceTree = BUILT_PRODUCTS_DIR; };
		A10000000000000000000008 /* Connection.swift */ = {isa = PBXFileReference; lastKnownFileType = sourcecode.swift; path = Connection.swift; sourceTree = "<group>"; };
		A10000000000000000000009 /* CredentialStore.swift */ = {isa = PBXFileReference; lastKnownFileType = sourcecode.swift; path = CredentialStore.swift; sourceTree = "<group>"; };
		A10000000000000000000010 /* ConnectionRepository.swift */ = {isa = PBXFileReference; lastKnownFileType = sourcecode.swift; path = ConnectionRepository.swift; sourceTree = "<group>"; };
		A10000000000000000000011 /* HostListViewModel.swift */ = {isa = PBXFileReference; lastKnownFileType = sourcecode.swift; path = HostListViewModel.swift; sourceTree = "<group>"; };
		A10000000000000000000012 /* ConnectionEditorView.swift */ = {isa = PBXFileReference; lastKnownFileType = sourcecode.swift; path = ConnectionEditorView.swift; sourceTree = "<group>"; };
		A10000000000000000000013 /* VaultUnlockClient.swift */ = {isa = PBXFileReference; lastKnownFileType = sourcecode.swift; path = VaultUnlockClient.swift; sourceTree = "<group>"; };
		A10000000000000000000014 /* AppLockViewModel.swift */ = {isa = PBXFileReference; lastKnownFileType = sourcecode.swift; path = AppLockViewModel.swift; sourceTree = "<group>"; };
		A10000000000000000000015 /* TerminalConnectionState.swift */ = {isa = PBXFileReference; lastKnownFileType = sourcecode.swift; path = TerminalConnectionState.swift; sourceTree = "<group>"; };
		A10000000000000000000016 /* SSHClient.swift */ = {isa = PBXFileReference; lastKnownFileType = sourcecode.swift; path = SSHClient.swift; sourceTree = "<group>"; };
		A10000000000000000000017 /* PlainTerminalViewModel.swift */ = {isa = PBXFileReference; lastKnownFileType = sourcecode.swift; path = PlainTerminalViewModel.swift; sourceTree = "<group>"; };
		A10000000000000000000018 /* PlainTerminalView.swift */ = {isa = PBXFileReference; lastKnownFileType = sourcecode.swift; path = PlainTerminalView.swift; sourceTree = "<group>"; };
		A10000000000000000000019 /* KnownHost.swift */ = {isa = PBXFileReference; lastKnownFileType = sourcecode.swift; path = KnownHost.swift; sourceTree = "<group>"; };
		A10000000000000000000020 /* KnownHostStore.swift */ = {isa = PBXFileReference; lastKnownFileType = sourcecode.swift; path = KnownHostStore.swift; sourceTree = "<group>"; };
		A10000000000000000000021 /* HostKeyTrustEvaluator.swift */ = {isa = PBXFileReference; lastKnownFileType = sourcecode.swift; path = HostKeyTrustEvaluator.swift; sourceTree = "<group>"; };
		A10000000000000000000022 /* TerminalSession.swift */ = {isa = PBXFileReference; lastKnownFileType = sourcecode.swift; path = TerminalSession.swift; sourceTree = "<group>"; };
		A10000000000000000000023 /* TmuxSessionParser.swift */ = {isa = PBXFileReference; lastKnownFileType = sourcecode.swift; path = TmuxSessionParser.swift; sourceTree = "<group>"; };
		A10000000000000000000024 /* TmuxSessionProvider.swift */ = {isa = PBXFileReference; lastKnownFileType = sourcecode.swift; path = TmuxSessionProvider.swift; sourceTree = "<group>"; };
		A10000000000000000000025 /* SessionPickerViewModel.swift */ = {isa = PBXFileReference; lastKnownFileType = sourcecode.swift; path = SessionPickerViewModel.swift; sourceTree = "<group>"; };
		A10000000000000000000026 /* SessionPickerView.swift */ = {isa = PBXFileReference; lastKnownFileType = sourcecode.swift; path = SessionPickerView.swift; sourceTree = "<group>"; };
		A10000000000000000000027 /* HerdrSessionParser.swift */ = {isa = PBXFileReference; lastKnownFileType = sourcecode.swift; path = HerdrSessionParser.swift; sourceTree = "<group>"; };
		A10000000000000000000028 /* HerdrSessionProvider.swift */ = {isa = PBXFileReference; lastKnownFileType = sourcecode.swift; path = HerdrSessionProvider.swift; sourceTree = "<group>"; };
		A10000000000000000000029 /* SSHTerminalView.swift */ = {isa = PBXFileReference; lastKnownFileType = sourcecode.swift; path = SSHTerminalView.swift; sourceTree = "<group>"; };
		A10000000000000000000032 /* ConnectionPhase.swift */ = {isa = PBXFileReference; lastKnownFileType = sourcecode.swift; path = ConnectionPhase.swift; sourceTree = "<group>"; };
		A10000000000000000000033 /* ConnectionProgressOverlay.swift */ = {isa = PBXFileReference; lastKnownFileType = sourcecode.swift; path = ConnectionProgressOverlay.swift; sourceTree = "<group>"; };
		A10000000000000000000030 /* TerminalStartupAction.swift */ = {isa = PBXFileReference; lastKnownFileType = sourcecode.swift; path = TerminalStartupAction.swift; sourceTree = "<group>"; };
		A10000000000000000000031 /* PrivacyInfo.xcprivacy */ = {isa = PBXFileReference; lastKnownFileType = text.plist.xml; path = PrivacyInfo.xcprivacy; sourceTree = "<group>"; };
		B10000000000000000000001 /* AbyssalThemeTests.swift */ = {isa = PBXFileReference; lastKnownFileType = sourcecode.swift; path = AbyssalThemeTests.swift; sourceTree = "<group>"; };
		B10000000000000000000002 /* TetherTTYTests.xctest */ = {isa = PBXFileReference; explicitFileType = wrapper.cfbundle; includeInIndex = 0; path = TetherTTYTests.xctest; sourceTree = BUILT_PRODUCTS_DIR; };
		B10000000000000000000003 /* ConnectionRepositoryTests.swift */ = {isa = PBXFileReference; lastKnownFileType = sourcecode.swift; path = ConnectionRepositoryTests.swift; sourceTree = "<group>"; };
		B10000000000000000000004 /* AppLockViewModelTests.swift */ = {isa = PBXFileReference; lastKnownFileType = sourcecode.swift; path = AppLockViewModelTests.swift; sourceTree = "<group>"; };
		B10000000000000000000005 /* PlainTerminalViewModelTests.swift */ = {isa = PBXFileReference; lastKnownFileType = sourcecode.swift; path = PlainTerminalViewModelTests.swift; sourceTree = "<group>"; };
		B10000000000000000000006 /* HostKeyTrustEvaluatorTests.swift */ = {isa = PBXFileReference; lastKnownFileType = sourcecode.swift; path = HostKeyTrustEvaluatorTests.swift; sourceTree = "<group>"; };
		B10000000000000000000007 /* TmuxSessionParserTests.swift */ = {isa = PBXFileReference; lastKnownFileType = sourcecode.swift; path = TmuxSessionParserTests.swift; sourceTree = "<group>"; };
		B10000000000000000000008 /* HerdrSessionParserTests.swift */ = {isa = PBXFileReference; lastKnownFileType = sourcecode.swift; path = HerdrSessionParserTests.swift; sourceTree = "<group>"; };
		B10000000000000000000009 /* AppFlowIntegrationTests.swift */ = {isa = PBXFileReference; lastKnownFileType = sourcecode.swift; path = AppFlowIntegrationTests.swift; sourceTree = "<group>"; };
		B10000000000000000000010 /* HostKeySecurityFixturesTests.swift */ = {isa = PBXFileReference; lastKnownFileType = sourcecode.swift; path = HostKeySecurityFixturesTests.swift; sourceTree = "<group>"; };
		B10000000000000000000011 /* TerminalSecurityFixturesTests.swift */ = {isa = PBXFileReference; lastKnownFileType = sourcecode.swift; path = TerminalSecurityFixturesTests.swift; sourceTree = "<group>"; };
		B10000000000000000000012 /* ResourceLoggingSecurityTests.swift */ = {isa = PBXFileReference; lastKnownFileType = sourcecode.swift; path = ResourceLoggingSecurityTests.swift; sourceTree = "<group>"; };
		B10000000000000000000013 /* InputValidationSecurityTests.swift */ = {isa = PBXFileReference; lastKnownFileType = sourcecode.swift; path = InputValidationSecurityTests.swift; sourceTree = "<group>"; };
		B10000000000000000000014 /* RealHostKeyResolverTests.swift */ = {isa = PBXFileReference; lastKnownFileType = sourcecode.swift; path = RealHostKeyResolverTests.swift; sourceTree = "<group>"; };
/* End PBXFileReference section */

/* Begin PBXFrameworksBuildPhase section */
		A40000000000000000000001 /* Frameworks */ = {
			isa = PBXFrameworksBuildPhase;
			buildActionMask = 2147483647;
			files = (
				8069C046301D30A0008611CD /* SwiftTerm in Frameworks */,
				P30000000000000000000001 /* NIOSSH in Frameworks */,
				P30000000000000000000002 /* NIOCore in Frameworks */,
				P30000000000000000000003 /* NIOPosix in Frameworks */,
			);
			runOnlyForDeploymentPostprocessing = 0;
		};
		B40000000000000000000001 /* Frameworks */ = {
			isa = PBXFrameworksBuildPhase;
			buildActionMask = 2147483647;
			files = (
				8069C048301D30A0008611CD /* NIOSSH in Frameworks */,
				8069C047301D30A0008611CD /* (null) in Frameworks */,
				8069C049301D30A0008611CD /* SwiftTerm in Frameworks */,
				P30000000000000000000004 /* NIOCore in Frameworks */,
				P30000000000000000000005 /* NIOPosix in Frameworks */,
				P30000000000000000000006 /* NIOEmbedded in Frameworks */,
			);
			runOnlyForDeploymentPostprocessing = 0;
		};
/* End PBXFrameworksBuildPhase section */

/* Begin PBXGroup section */
		A30000000000000000000001 /* TetherTTY */ = {
			isa = PBXGroup;
			children = (
				A10000000000000000000001 /* TetherTTYApp.swift */,
				A10000000000000000000031 /* PrivacyInfo.xcprivacy */,
				A30000000000000000000002 /* Models */,
				A30000000000000000000007 /* Security */,
				A30000000000000000000008 /* Networking */,
				A30000000000000000000005 /* Persistence */,
				A30000000000000000000010 /* Providers */,
				A30000000000000000000009 /* Terminal */,
				A30000000000000000000006 /* ViewModels */,
				A30000000000000000000003 /* Theme */,
				A30000000000000000000004 /* Features */,
			);
			path = TetherTTY;
			sourceTree = "<group>";
		};
		A30000000000000000000002 /* Models */ = {
			isa = PBXGroup;
			children = (
				A10000000000000000000002 /* AppLockState.swift */,
				A10000000000000000000003 /* HostSummary.swift */,
				A10000000000000000000008 /* Connection.swift */,
				A10000000000000000000015 /* TerminalConnectionState.swift */,
				A10000000000000000000019 /* KnownHost.swift */,
				A10000000000000000000022 /* TerminalSession.swift */,
				A10000000000000000000030 /* TerminalStartupAction.swift */,
				A10000000000000000000032 /* ConnectionPhase.swift */,
			);
			path = Models;
			sourceTree = "<group>";
		};
		A30000000000000000000003 /* Theme */ = {
			isa = PBXGroup;
			children = (
				A10000000000000000000004 /* AbyssalTheme.swift */,
			);
			path = Theme;
			sourceTree = "<group>";
		};
		A30000000000000000000004 /* Features */ = {
			isa = PBXGroup;
			children = (
				A10000000000000000000005 /* AppShellView.swift */,
				A10000000000000000000006 /* HostListView.swift */,
				A10000000000000000000012 /* ConnectionEditorView.swift */,
				A10000000000000000000018 /* PlainTerminalView.swift */,
				A10000000000000000000026 /* SessionPickerView.swift */,
				A10000000000000000000029 /* SSHTerminalView.swift */,
				A10000000000000000000033 /* ConnectionProgressOverlay.swift */,
			);
			path = Features;
			sourceTree = "<group>";
		};
		A30000000000000000000005 /* Persistence */ = {
			isa = PBXGroup;
			children = (
				A10000000000000000000009 /* CredentialStore.swift */,
				A10000000000000000000010 /* ConnectionRepository.swift */,
			);
			path = Persistence;
			sourceTree = "<group>";
		};
		A30000000000000000000006 /* ViewModels */ = {
			isa = PBXGroup;
			children = (
				A10000000000000000000014 /* AppLockViewModel.swift */,
				A10000000000000000000011 /* HostListViewModel.swift */,
				A10000000000000000000017 /* PlainTerminalViewModel.swift */,
				A10000000000000000000025 /* SessionPickerViewModel.swift */,
			);
			path = ViewModels;
			sourceTree = "<group>";
		};
		A30000000000000000000007 /* Security */ = {
			isa = PBXGroup;
			children = (
				A10000000000000000000013 /* VaultUnlockClient.swift */,
				A10000000000000000000020 /* KnownHostStore.swift */,
				A10000000000000000000021 /* HostKeyTrustEvaluator.swift */,
			);
			path = Security;
			sourceTree = "<group>";
		};
		A30000000000000000000008 /* Networking */ = {
			isa = PBXGroup;
			children = (
				A10000000000000000000016 /* SSHClient.swift */,
			);
			path = Networking;
			sourceTree = "<group>";
		};
		A30000000000000000000009 /* Terminal */ = {
			isa = PBXGroup;
			children = (
			);
			path = Terminal;
			sourceTree = "<group>";
		};
		A30000000000000000000010 /* Providers */ = {
			isa = PBXGroup;
			children = (
				A10000000000000000000023 /* TmuxSessionParser.swift */,
				A10000000000000000000024 /* TmuxSessionProvider.swift */,
				A10000000000000000000027 /* HerdrSessionParser.swift */,
				A10000000000000000000028 /* HerdrSessionProvider.swift */,
			);
			path = Providers;
			sourceTree = "<group>";
		};
		B30000000000000000000002 /* TetherTTYTests */ = {
			isa = PBXGroup;
			children = (
				B10000000000000000000001 /* AbyssalThemeTests.swift */,
				B10000000000000000000003 /* ConnectionRepositoryTests.swift */,
				B10000000000000000000004 /* AppLockViewModelTests.swift */,
				B10000000000000000000005 /* PlainTerminalViewModelTests.swift */,
				B10000000000000000000006 /* HostKeyTrustEvaluatorTests.swift */,
				B10000000000000000000007 /* TmuxSessionParserTests.swift */,
				B10000000000000000000008 /* HerdrSessionParserTests.swift */,
				B10000000000000000000009 /* AppFlowIntegrationTests.swift */,
				B10000000000000000000010 /* HostKeySecurityFixturesTests.swift */,
				B10000000000000000000011 /* TerminalSecurityFixturesTests.swift */,
				B10000000000000000000012 /* ResourceLoggingSecurityTests.swift */,
				B10000000000000000000013 /* InputValidationSecurityTests.swift */,
				B10000000000000000000014 /* RealHostKeyResolverTests.swift */,
			);
			path = TetherTTYTests;
			sourceTree = "<group>";
		};
		C20000000000000000000001 = {
			isa = PBXGroup;
			children = (
				A30000000000000000000001 /* TetherTTY */,
				B30000000000000000000002 /* TetherTTYTests */,
				C20000000000000000000002 /* Products */,
			);
			sourceTree = "<group>";
		};
		C20000000000000000000002 /* Products */ = {
			isa = PBXGroup;
			children = (
				A10000000000000000000007 /* TetherTTY.app */,
				B10000000000000000000002 /* TetherTTYTests.xctest */,
			);
			name = Products;
			sourceTree = "<group>";
		};
/* End PBXGroup section */

/* Begin PBXNativeTarget section */
		A1B2C3D4E5F6071829304050 /* TetherTTY */ = {
			isa = PBXNativeTarget;
			buildConfigurationList = A70000000000000000000001 /* Build configuration list for PBXNativeTarget "TetherTTY" */;
			buildPhases = (
				A50000000000000000000001 /* Sources */,
				A40000000000000000000001 /* Frameworks */,
				A60000000000000000000001 /* Resources */,
			);
			buildRules = (
			);
			dependencies = (
			);
			name = TetherTTY;
			packageProductDependencies = (
				P20000000000000000000001 /* NIOSSH */,
				P20000000000000000000002 /* NIOCore */,
				P20000000000000000000003 /* NIOPosix */,
				P20000000000000000000004 /* SwiftTerm */,
			);
			productName = TetherTTY;
			productReference = A10000000000000000000007 /* TetherTTY.app */;
			productType = "com.apple.product-type.application";
		};
		B1B2C3D4E5F6071829304050 /* TetherTTYTests */ = {
			isa = PBXNativeTarget;
			buildConfigurationList = B70000000000000000000001 /* Build configuration list for PBXNativeTarget "TetherTTYTests" */;
			buildPhases = (
				B50000000000000000000001 /* Sources */,
				B40000000000000000000001 /* Frameworks */,
				B60000000000000000000001 /* Resources */,
			);
			buildRules = (
			);
			dependencies = (
				B30000000000000000000003 /* PBXTargetDependency */,
			);
			name = TetherTTYTests;
			packageProductDependencies = (
				P20000000000000000000001 /* NIOSSH */,
				P20000000000000000000002 /* NIOCore */,
				P20000000000000000000003 /* NIOPosix */,
				P20000000000000000000004 /* SwiftTerm */,
				P20000000000000000000005 /* NIOEmbedded */,
			);
			productName = TetherTTYTests;
			productReference = B10000000000000000000002 /* TetherTTYTests.xctest */;
			productType = "com.apple.product-type.bundle.unit-test";
		};
/* End PBXNativeTarget section */

/* Begin PBXProject section */
		C10000000000000000000001 /* Project object */ = {
			isa = PBXProject;
			attributes = {
				BuildIndependentTargetsInParallel = 1;
				LastSwiftUpdateCheck = 2630;
				LastUpgradeCheck = 2630;
				TargetAttributes = {
					A1B2C3D4E5F6071829304050 = {
						CreatedOnToolsVersion = 26.3;
					};
					B1B2C3D4E5F6071829304050 = {
						CreatedOnToolsVersion = 26.3;
						TestTargetID = A1B2C3D4E5F6071829304050;
					};
				};
			};
			buildConfigurationList = C70000000000000000000001 /* Build configuration list for PBXProject "TetherTTY" */;
			developmentRegion = en;
			hasScannedForEncodings = 0;
			knownRegions = (
				en,
				Base,
			);
			mainGroup = C20000000000000000000001;
			minimizedProjectReferenceProxies = 1;
			packageReferences = (
				P10000000000000000000001 /* XCRemoteSwiftPackageReference "swift-nio-ssh" */,
				P10000000000000000000002 /* XCRemoteSwiftPackageReference "SwiftTerm" */,
			);
			preferredProjectObjectVersion = 77;
			productRefGroup = C20000000000000000000002 /* Products */;
			projectDirPath = "";
			projectRoot = "";
			targets = (
				A1B2C3D4E5F6071829304050 /* TetherTTY */,
				B1B2C3D4E5F6071829304050 /* TetherTTYTests */,
			);
		};
/* End PBXProject section */

/* Begin PBXResourcesBuildPhase section */
		A60000000000000000000001 /* Resources */ = {
			isa = PBXResourcesBuildPhase;
			buildActionMask = 2147483647;
			files = (
				A20000000000000000000030 /* PrivacyInfo.xcprivacy in Resources */,
			);
			runOnlyForDeploymentPostprocessing = 0;
		};
		B60000000000000000000001 /* Resources */ = {
			isa = PBXResourcesBuildPhase;
			buildActionMask = 2147483647;
			files = (
			);
			runOnlyForDeploymentPostprocessing = 0;
		};
/* End PBXResourcesBuildPhase section */

/* Begin PBXSourcesBuildPhase section */
		A50000000000000000000001 /* Sources */ = {
			isa = PBXSourcesBuildPhase;
			buildActionMask = 2147483647;
			files = (
				A20000000000000000000001 /* TetherTTYApp.swift in Sources */,
				A20000000000000000000002 /* AppLockState.swift in Sources */,
				A20000000000000000000003 /* HostSummary.swift in Sources */,
				A20000000000000000000007 /* Connection.swift in Sources */,
				A20000000000000000000014 /* TerminalConnectionState.swift in Sources */,
				A20000000000000000000018 /* KnownHost.swift in Sources */,
				A20000000000000000000008 /* CredentialStore.swift in Sources */,
				A20000000000000000000009 /* ConnectionRepository.swift in Sources */,
				A20000000000000000000012 /* VaultUnlockClient.swift in Sources */,
				A20000000000000000000019 /* KnownHostStore.swift in Sources */,
				A20000000000000000000020 /* HostKeyTrustEvaluator.swift in Sources */,
				A20000000000000000000015 /* SSHClient.swift in Sources */,
				A20000000000000000000013 /* AppLockViewModel.swift in Sources */,
				A20000000000000000000010 /* HostListViewModel.swift in Sources */,
				A20000000000000000000016 /* PlainTerminalViewModel.swift in Sources */,
				A20000000000000000000004 /* AbyssalTheme.swift in Sources */,
				A20000000000000000000005 /* AppShellView.swift in Sources */,
				A20000000000000000000006 /* HostListView.swift in Sources */,
				A20000000000000000000011 /* ConnectionEditorView.swift in Sources */,
				A20000000000000000000017 /* PlainTerminalView.swift in Sources */,
				A20000000000000000000021 /* TerminalSession.swift in Sources */,
				A20000000000000000000022 /* TmuxSessionParser.swift in Sources */,
				A20000000000000000000023 /* TmuxSessionProvider.swift in Sources */,
				A20000000000000000000024 /* SessionPickerViewModel.swift in Sources */,
				A20000000000000000000025 /* SessionPickerView.swift in Sources */,
				A20000000000000000000026 /* HerdrSessionParser.swift in Sources */,
				A20000000000000000000027 /* HerdrSessionProvider.swift in Sources */,
				A20000000000000000000028 /* SSHTerminalView.swift in Sources */,
				A20000000000000000000031 /* ConnectionPhase.swift in Sources */,
				A20000000000000000000032 /* ConnectionProgressOverlay.swift in Sources */,
				A20000000000000000000029 /* TerminalStartupAction.swift in Sources */,
			);
			runOnlyForDeploymentPostprocessing = 0;
		};
		B50000000000000000000001 /* Sources */ = {
			isa = PBXSourcesBuildPhase;
			buildActionMask = 2147483647;
			files = (
				B20000000000000000000001 /* AbyssalThemeTests.swift in Sources */,
				B20000000000000000000002 /* ConnectionRepositoryTests.swift in Sources */,
				B20000000000000000000003 /* AppLockViewModelTests.swift in Sources */,
				B20000000000000000000004 /* PlainTerminalViewModelTests.swift in Sources */,
				B20000000000000000000005 /* HostKeyTrustEvaluatorTests.swift in Sources */,
				B20000000000000000000006 /* TmuxSessionParserTests.swift in Sources */,
				B20000000000000000000007 /* HerdrSessionParserTests.swift in Sources */,
				B20000000000000000000008 /* AppFlowIntegrationTests.swift in Sources */,
				B20000000000000000000009 /* HostKeySecurityFixturesTests.swift in Sources */,
				B20000000000000000000010 /* TerminalSecurityFixturesTests.swift in Sources */,
				B20000000000000000000011 /* ResourceLoggingSecurityTests.swift in Sources */,
				B20000000000000000000012 /* InputValidationSecurityTests.swift in Sources */,
				B20000000000000000000013 /* RealHostKeyResolverTests.swift in Sources */,
			);
			runOnlyForDeploymentPostprocessing = 0;
		};
/* End PBXSourcesBuildPhase section */

/* Begin PBXTargetDependency section */
		B30000000000000000000003 /* PBXTargetDependency */ = {
			isa = PBXTargetDependency;
			target = A1B2C3D4E5F6071829304050 /* TetherTTY */;
			targetProxy = B30000000000000000000001 /* PBXContainerItemProxy */;
		};
/* End PBXTargetDependency section */

/* Begin XCBuildConfiguration section */
		A80000000000000000000001 /* Debug */ = {
			isa = XCBuildConfiguration;
			buildSettings = {
				ASSETCATALOG_COMPILER_APPICON_NAME = AppIcon;
				CODE_SIGN_STYLE = Automatic;
				CURRENT_PROJECT_VERSION = 1;
				DEVELOPMENT_TEAM = 5TFR2L29DY;
				GENERATE_INFOPLIST_FILE = YES;
				INFOPLIST_KEY_CFBundleDisplayName = TetherTTY;
				INFOPLIST_KEY_LSApplicationCategoryType = "public.app-category.developer-tools";
				INFOPLIST_KEY_NSFaceIDUsageDescription = "TetherTTY uses Face ID to protect access to saved SSH tethers.";
				INFOPLIST_KEY_UIApplicationSceneManifest_Generation = YES;
				INFOPLIST_KEY_UIApplicationSupportsIndirectInputEvents = YES;
				INFOPLIST_KEY_UILaunchScreen_Generation = YES;
				INFOPLIST_KEY_UISupportedInterfaceOrientations_iPhone = UIInterfaceOrientationPortrait;
				MARKETING_VERSION = 0.1.0;
				PRODUCT_BUNDLE_IDENTIFIER = dev.tethertty.app;
				PRODUCT_NAME = "$(TARGET_NAME)";
				SUPPORTED_PLATFORMS = "iphoneos iphonesimulator";
				SUPPORTS_MACCATALYST = NO;
				SUPPORTS_MAC_DESIGNED_FOR_IPHONE_IPAD = NO;
				SWIFT_EMIT_LOC_STRINGS = YES;
				SWIFT_VERSION = 5.0;
				TARGETED_DEVICE_FAMILY = 1;
			};
			name = Debug;
		};
		A80000000000000000000002 /* Release */ = {
			isa = XCBuildConfiguration;
			buildSettings = {
				ASSETCATALOG_COMPILER_APPICON_NAME = AppIcon;
				CODE_SIGN_STYLE = Automatic;
				CURRENT_PROJECT_VERSION = 1;
				DEVELOPMENT_TEAM = 5TFR2L29DY;
				GENERATE_INFOPLIST_FILE = YES;
				INFOPLIST_KEY_CFBundleDisplayName = TetherTTY;
				INFOPLIST_KEY_LSApplicationCategoryType = "public.app-category.developer-tools";
				INFOPLIST_KEY_NSFaceIDUsageDescription = "TetherTTY uses Face ID to protect access to saved SSH tethers.";
				INFOPLIST_KEY_UIApplicationSceneManifest_Generation = YES;
				INFOPLIST_KEY_UIApplicationSupportsIndirectInputEvents = YES;
				INFOPLIST_KEY_UILaunchScreen_Generation = YES;
				INFOPLIST_KEY_UISupportedInterfaceOrientations_iPhone = UIInterfaceOrientationPortrait;
				MARKETING_VERSION = 0.1.0;
				PRODUCT_BUNDLE_IDENTIFIER = dev.tethertty.app;
				PRODUCT_NAME = "$(TARGET_NAME)";
				SUPPORTED_PLATFORMS = "iphoneos iphonesimulator";
				SUPPORTS_MACCATALYST = NO;
				SUPPORTS_MAC_DESIGNED_FOR_IPHONE_IPAD = NO;
				SWIFT_EMIT_LOC_STRINGS = YES;
				SWIFT_VERSION = 5.0;
				TARGETED_DEVICE_FAMILY = 1;
			};
			name = Release;
		};
		B80000000000000000000001 /* Debug */ = {
			isa = XCBuildConfiguration;
			buildSettings = {
				BUNDLE_LOADER = "$(TEST_HOST)";
				CODE_SIGN_STYLE = Automatic;
				CURRENT_PROJECT_VERSION = 1;
				DEVELOPMENT_TEAM = "";
				GENERATE_INFOPLIST_FILE = YES;
				MARKETING_VERSION = 0.1.0;
				PRODUCT_BUNDLE_IDENTIFIER = dev.tethertty.app.tests;
				PRODUCT_NAME = "$(TARGET_NAME)";
				SUPPORTED_PLATFORMS = "iphoneos iphonesimulator";
				SWIFT_EMIT_LOC_STRINGS = NO;
				SWIFT_VERSION = 5.0;
				TARGETED_DEVICE_FAMILY = 1;
				TEST_HOST = "$(BUILT_PRODUCTS_DIR)/TetherTTY.app/$(BUNDLE_EXECUTABLE_FOLDER_PATH)/TetherTTY";
			};
			name = Debug;
		};
		B80000000000000000000002 /* Release */ = {
			isa = XCBuildConfiguration;
			buildSettings = {
				BUNDLE_LOADER = "$(TEST_HOST)";
				CODE_SIGN_STYLE = Automatic;
				CURRENT_PROJECT_VERSION = 1;
				DEVELOPMENT_TEAM = "";
				GENERATE_INFOPLIST_FILE = YES;
				MARKETING_VERSION = 0.1.0;
				PRODUCT_BUNDLE_IDENTIFIER = dev.tethertty.app.tests;
				PRODUCT_NAME = "$(TARGET_NAME)";
				SUPPORTED_PLATFORMS = "iphoneos iphonesimulator";
				SWIFT_EMIT_LOC_STRINGS = NO;
				SWIFT_VERSION = 5.0;
				TARGETED_DEVICE_FAMILY = 1;
				TEST_HOST = "$(BUILT_PRODUCTS_DIR)/TetherTTY.app/$(BUNDLE_EXECUTABLE_FOLDER_PATH)/TetherTTY";
			};
			name = Release;
		};
		C80000000000000000000001 /* Debug */ = {
			isa = XCBuildConfiguration;
			buildSettings = {
				ALWAYS_SEARCH_USER_PATHS = NO;
				CLANG_ANALYZER_NONNULL = YES;
				CLANG_ANALYZER_NUMBER_OBJECT_CONVERSION = YES_AGGRESSIVE;
				CLANG_CXX_LANGUAGE_STANDARD = "gnu++20";
				CLANG_ENABLE_MODULES = YES;
				CLANG_ENABLE_OBJC_ARC = YES;
				CLANG_ENABLE_OBJC_WEAK = YES;
				CLANG_WARN_BLOCK_CAPTURE_AUTORELEASING = YES;
				CLANG_WARN_BOOL_CONVERSION = YES;
				CLANG_WARN_COMMA = YES;
				CLANG_WARN_CONSTANT_CONVERSION = YES;
				CLANG_WARN_DEPRECATED_OBJC_IMPLEMENTATIONS = YES;
				CLANG_WARN_DIRECT_OBJC_ISA_USAGE = YES_ERROR;
				CLANG_WARN_DOCUMENTATION_COMMENTS = YES;
				CLANG_WARN_EMPTY_BODY = YES;
				CLANG_WARN_ENUM_CONVERSION = YES;
				CLANG_WARN_INFINITE_RECURSION = YES;
				CLANG_WARN_INT_CONVERSION = YES;
				CLANG_WARN_NON_LITERAL_NULL_CONVERSION = YES;
				CLANG_WARN_OBJC_IMPLICIT_RETAIN_SELF = YES;
				CLANG_WARN_OBJC_LITERAL_CONVERSION = YES;
				CLANG_WARN_OBJC_ROOT_CLASS = YES_ERROR;
				CLANG_WARN_QUOTED_INCLUDE_IN_FRAMEWORK_HEADER = YES;
				CLANG_WARN_RANGE_LOOP_ANALYSIS = YES;
				CLANG_WARN_STRICT_PROTOTYPES = YES;
				CLANG_WARN_SUSPICIOUS_MOVE = YES;
				CLANG_WARN_UNGUARDED_AVAILABILITY = YES_AGGRESSIVE;
				CLANG_WARN_UNREACHABLE_CODE = YES;
				CLANG_WARN__DUPLICATE_METHOD_MATCH = YES;
				COPY_PHASE_STRIP = NO;
				DEBUG_INFORMATION_FORMAT = dwarf;
				ENABLE_STRICT_OBJC_MSGSEND = YES;
				ENABLE_TESTABILITY = YES;
				ENABLE_USER_SCRIPT_SANDBOXING = YES;
				GCC_C_LANGUAGE_STANDARD = gnu17;
				GCC_DYNAMIC_NO_PIC = NO;
				GCC_NO_COMMON_BLOCKS = YES;
				GCC_OPTIMIZATION_LEVEL = 0;
				GCC_PREPROCESSOR_DEFINITIONS = (
					"DEBUG=1",
					"$(inherited)",
				);
				GCC_WARN_64_TO_32_BIT_CONVERSION = YES;
				GCC_WARN_ABOUT_RETURN_TYPE = YES_ERROR;
				GCC_WARN_UNDECLARED_SELECTOR = YES;
				GCC_WARN_UNINITIALIZED_AUTOS = YES_AGGRESSIVE;
				GCC_WARN_UNUSED_FUNCTION = YES;
				GCC_WARN_UNUSED_VARIABLE = YES;
				IPHONEOS_DEPLOYMENT_TARGET = 18.0;
				LOCALIZATION_PREFERS_STRING_CATALOGS = YES;
				MTL_ENABLE_DEBUG_INFO = INCLUDE_SOURCE;
				MTL_FAST_MATH = YES;
				ONLY_ACTIVE_ARCH = YES;
				SDKROOT = iphoneos;
				SWIFT_ACTIVE_COMPILATION_CONDITIONS = DEBUG;
				SWIFT_OPTIMIZATION_LEVEL = "-Onone";
			};
			name = Debug;
		};
		C80000000000000000000002 /* Release */ = {
			isa = XCBuildConfiguration;
			buildSettings = {
				ALWAYS_SEARCH_USER_PATHS = NO;
				CLANG_ANALYZER_NONNULL = YES;
				CLANG_ANALYZER_NUMBER_OBJECT_CONVERSION = YES_AGGRESSIVE;
				CLANG_CXX_LANGUAGE_STANDARD = "gnu++20";
				CLANG_ENABLE_MODULES = YES;
				CLANG_ENABLE_OBJC_ARC = YES;
				CLANG_ENABLE_OBJC_WEAK = YES;
				CLANG_WARN_BLOCK_CAPTURE_AUTORELEASING = YES;
				CLANG_WARN_BOOL_CONVERSION = YES;
				CLANG_WARN_COMMA = YES;
				CLANG_WARN_CONSTANT_CONVERSION = YES;
				CLANG_WARN_DEPRECATED_OBJC_IMPLEMENTATIONS = YES;
				CLANG_WARN_DIRECT_OBJC_ISA_USAGE = YES_ERROR;
				CLANG_WARN_DOCUMENTATION_COMMENTS = YES;
				CLANG_WARN_EMPTY_BODY = YES;
				CLANG_WARN_ENUM_CONVERSION = YES;
				CLANG_WARN_INFINITE_RECURSION = YES;
				CLANG_WARN_INT_CONVERSION = YES;
				CLANG_WARN_NON_LITERAL_NULL_CONVERSION = YES;
				CLANG_WARN_OBJC_IMPLICIT_RETAIN_SELF = YES;
				CLANG_WARN_OBJC_LITERAL_CONVERSION = YES;
				CLANG_WARN_OBJC_ROOT_CLASS = YES_ERROR;
				CLANG_WARN_QUOTED_INCLUDE_IN_FRAMEWORK_HEADER = YES;
				CLANG_WARN_RANGE_LOOP_ANALYSIS = YES;
				CLANG_WARN_STRICT_PROTOTYPES = YES;
				CLANG_WARN_SUSPICIOUS_MOVE = YES;
				CLANG_WARN_UNGUARDED_AVAILABILITY = YES_AGGRESSIVE;
				CLANG_WARN_UNREACHABLE_CODE = YES;
				CLANG_WARN__DUPLICATE_METHOD_MATCH = YES;
				COPY_PHASE_STRIP = NO;
				DEBUG_INFORMATION_FORMAT = "dwarf-with-dsym";
				ENABLE_NS_ASSERTIONS = NO;
				ENABLE_STRICT_OBJC_MSGSEND = YES;
				ENABLE_USER_SCRIPT_SANDBOXING = YES;
				GCC_C_LANGUAGE_STANDARD = gnu17;
				GCC_NO_COMMON_BLOCKS = YES;
				GCC_WARN_64_TO_32_BIT_CONVERSION = YES;
				GCC_WARN_ABOUT_RETURN_TYPE = YES_ERROR;
				GCC_WARN_UNDECLARED_SELECTOR = YES;
				GCC_WARN_UNINITIALIZED_AUTOS = YES_AGGRESSIVE;
				GCC_WARN_UNUSED_FUNCTION = YES;
				GCC_WARN_UNUSED_VARIABLE = YES;
				IPHONEOS_DEPLOYMENT_TARGET = 18.0;
				LOCALIZATION_PREFERS_STRING_CATALOGS = YES;
				MTL_ENABLE_DEBUG_INFO = NO;
				MTL_FAST_MATH = YES;
				SDKROOT = iphoneos;
				SWIFT_COMPILATION_MODE = wholemodule;
				SWIFT_OPTIMIZATION_LEVEL = "-O";
				VALIDATE_PRODUCT = YES;
			};
			name = Release;
		};
/* End XCBuildConfiguration section */

/* Begin XCConfigurationList section */
		A70000000000000000000001 /* Build configuration list for PBXNativeTarget "TetherTTY" */ = {
			isa = XCConfigurationList;
			buildConfigurations = (
				A80000000000000000000001 /* Debug */,
				A80000000000000000000002 /* Release */,
			);
			defaultConfigurationIsVisible = 0;
			defaultConfigurationName = Release;
		};
		B70000000000000000000001 /* Build configuration list for PBXNativeTarget "TetherTTYTests" */ = {
			isa = XCConfigurationList;
			buildConfigurations = (
				B80000000000000000000001 /* Debug */,
				B80000000000000000000002 /* Release */,
			);
			defaultConfigurationIsVisible = 0;
			defaultConfigurationName = Release;
		};
		C70000000000000000000001 /* Build configuration list for PBXProject "TetherTTY" */ = {
			isa = XCConfigurationList;
			buildConfigurations = (
				C80000000000000000000001 /* Debug */,
				C80000000000000000000002 /* Release */,
			);
			defaultConfigurationIsVisible = 0;
			defaultConfigurationName = Release;
		};
/* End XCConfigurationList section */

/* Begin XCRemoteSwiftPackageReference section */
		P10000000000000000000001 /* XCRemoteSwiftPackageReference "swift-nio-ssh" */ = {
			isa = XCRemoteSwiftPackageReference;
			repositoryURL = "https://github.com/apple/swift-nio-ssh.git";
			requirement = {
				kind = upToNextMajorVersion;
				minimumVersion = 0.15.0;
			};
		};
		P10000000000000000000002 /* XCRemoteSwiftPackageReference "SwiftTerm" */ = {
			isa = XCRemoteSwiftPackageReference;
			repositoryURL = "https://github.com/migueldeicaza/SwiftTerm.git";
			requirement = {
				kind = upToNextMajorVersion;
				minimumVersion = 1.15.0;
			};
		};
/* End XCRemoteSwiftPackageReference section */

/* Begin XCSwiftPackageProductDependency section */
		P20000000000000000000001 /* NIOSSH */ = {
			isa = XCSwiftPackageProductDependency;
			package = P10000000000000000000001 /* XCRemoteSwiftPackageReference "swift-nio-ssh" */;
			productName = NIOSSH;
		};
		P20000000000000000000002 /* NIOCore */ = {
			isa = XCSwiftPackageProductDependency;
			package = P10000000000000000000001 /* XCRemoteSwiftPackageReference "swift-nio-ssh" */;
			productName = NIOCore;
		};
		P20000000000000000000003 /* NIOPosix */ = {
			isa = XCSwiftPackageProductDependency;
			package = P10000000000000000000001 /* XCRemoteSwiftPackageReference "swift-nio-ssh" */;
			productName = NIOPosix;
		};
		P20000000000000000000004 /* SwiftTerm */ = {
			isa = XCSwiftPackageProductDependency;
			package = P10000000000000000000002 /* XCRemoteSwiftPackageReference "SwiftTerm" */;
			productName = SwiftTerm;
		};
		P20000000000000000000005 /* NIOEmbedded */ = {
			isa = XCSwiftPackageProductDependency;
			package = P10000000000000000000001 /* XCRemoteSwiftPackageReference "swift-nio-ssh" */;
			productName = NIOEmbedded;
		};
/* End XCSwiftPackageProductDependency section */
	};
	rootObject = C10000000000000000000001 /* Project object */;
}
